
Microsoft Visual Studio Solution File, Format Version 12.00
# Visual Studio Version 17
VisualStudioVersion = 17.10.34928.147
MinimumVisualStudioVersion = 10.0.40219.1
Project("{FAE04EC0-301F-11D3-BF4B-00C04F79EFBC}") = "Shop", "Shop\Shop.csproj", "{80C8B321-1B60-4359-8723-B31974C82DA5}"
EndProject
Global
	GlobalSection(SolutionConfigurationPlatforms) = preSolution
		Debug|Any CPU = Debug|Any CPU
		Release|Any CPU = Release|Any CPU
	EndGlobalSection
	GlobalSection(ProjectConfigurationPlatforms) = postSolution
		{80C8B321-1B60-4359-8723-B31974C82DA5}.Debug|Any CPU.ActiveCfg = Debug|Any CPU
		{80C8B321-1B60-4359-8723-B31974C82DA5}.Debug|Any CPU.Build.0 = Debug|Any CPU
		{80C8B321-1B60-4359-8723-B31974C82DA5}.Release|Any CPU.ActiveCfg = Release|Any CPU
		{80C8B321-1B60-4359-8723-B31974C82DA5}.Release|Any CPU.Build.0 = Release|Any CPU
	EndGlobalSection
	GlobalSection(SolutionProperties) = preSolution
		HideSolutionNode = FALSE
	EndGlobalSection
	GlobalSection(ExtensibilityGlobals) = postSolution
		SolutionGuid = {432546C6-A85D-4F21-9F34-7BFBD595C41C}
	EndGlobalSection
EndGlobal
